
Microsoft Visual Studio Solution File, Format Version 12.00
# Visual Studio Version 17
VisualStudioVersion = 17.9.34728.123
MinimumVisualStudioVersion = 10.0.40219.1
Project("{9A19103F-16F7-4668-BE54-9A1E7A4F7556}") = "RailwayStation.Model", "RailwayStation.Model\RailwayStation.Model.csproj", "{6E035742-D539-4F5B-9FDA-7E413D64E0BC}"
EndProject
Project("{2150E333-8FDC-42A3-9474-1A3956D46DE8}") = "Source", "Source", "{EF16AED5-8265-4AD3-9281-689F636022EA}"
EndProject
Project("{2150E333-8FDC-42A3-9474-1A3956D46DE8}") = "Applications", "Applications", "{9A27453A-7ACA-415E-8DBB-F6FF709EB485}"
EndProject
Project("{2150E333-8FDC-42A3-9474-1A3956D46DE8}") = "Libraries", "Libraries", "{388810C0-5B32-48BC-94D8-F9E69B2D7FFB}"
EndProject
Project("{9A19103F-16F7-4668-BE54-9A1E7A4F7556}") = "RailwayStation.ParksStats", "ParksStats\RailwayStation.ParksStats.csproj", "{0713D95A-2298-4958-B138-142679B29F8F}"
EndProject
Project("{9A19103F-16F7-4668-BE54-9A1E7A4F7556}") = "RailwayStation.PathFinder", "RailwayStation.PathFinder\RailwayStation.PathFinder.csproj", "{CC757124-C56E-4F09-9B5E-4776EACF30DE}"
EndProject
Project("{2150E333-8FDC-42A3-9474-1A3956D46DE8}") = "Documentation", "Documentation", "{0ECD6496-3A4D-414A-B19C-DA8BA78E1B38}"
	ProjectSection(SolutionItems) = preProject
		HardcodeStation.png = HardcodeStation.png
	EndProjectSection
EndProject
Project("{2150E333-8FDC-42A3-9474-1A3956D46DE8}") = "Tests", "Tests", "{665F1B29-7A2E-4181-AA06-5FA090B0F630}"
EndProject
Project("{9A19103F-16F7-4668-BE54-9A1E7A4F7556}") = "RailwayStation.Model.Tests", "RailwayStation.Model.Tests\RailwayStation.Model.Tests.csproj", "{F0C37362-8DC1-4FAF-8A6D-CA6909A721CF}"
EndProject
Project("{9A19103F-16F7-4668-BE54-9A1E7A4F7556}") = "RailwayStation.PathFinder.Tests", "RailwayStation.PathFinder.Tests\RailwayStation.PathFinder.Tests.csproj", "{95249852-9A95-4643-AEFD-202B844FC1CC}"
EndProject
Global
	GlobalSection(SolutionConfigurationPlatforms) = preSolution
		Debug|Any CPU = Debug|Any CPU
		Release|Any CPU = Release|Any CPU
	EndGlobalSection
	GlobalSection(ProjectConfigurationPlatforms) = postSolution
		{6E035742-D539-4F5B-9FDA-7E413D64E0BC}.Debug|Any CPU.ActiveCfg = Debug|Any CPU
		{6E035742-D539-4F5B-9FDA-7E413D64E0BC}.Debug|Any CPU.Build.0 = Debug|Any CPU
		{6E035742-D539-4F5B-9FDA-7E413D64E0BC}.Release|Any CPU.ActiveCfg = Release|Any CPU
		{6E035742-D539-4F5B-9FDA-7E413D64E0BC}.Release|Any CPU.Build.0 = Release|Any CPU
		{0713D95A-2298-4958-B138-142679B29F8F}.Debug|Any CPU.ActiveCfg = Debug|Any CPU
		{0713D95A-2298-4958-B138-142679B29F8F}.Debug|Any CPU.Build.0 = Debug|Any CPU
		{0713D95A-2298-4958-B138-142679B29F8F}.Release|Any CPU.ActiveCfg = Release|Any CPU
		{0713D95A-2298-4958-B138-142679B29F8F}.Release|Any CPU.Build.0 = Release|Any CPU
		{CC757124-C56E-4F09-9B5E-4776EACF30DE}.Debug|Any CPU.ActiveCfg = Debug|Any CPU
		{CC757124-C56E-4F09-9B5E-4776EACF30DE}.Debug|Any CPU.Build.0 = Debug|Any CPU
		{CC757124-C56E-4F09-9B5E-4776EACF30DE}.Release|Any CPU.ActiveCfg = Release|Any CPU
		{CC757124-C56E-4F09-9B5E-4776EACF30DE}.Release|Any CPU.Build.0 = Release|Any CPU
		{F0C37362-8DC1-4FAF-8A6D-CA6909A721CF}.Debug|Any CPU.ActiveCfg = Debug|Any CPU
		{F0C37362-8DC1-4FAF-8A6D-CA6909A721CF}.Debug|Any CPU.Build.0 = Debug|Any CPU
		{F0C37362-8DC1-4FAF-8A6D-CA6909A721CF}.Release|Any CPU.ActiveCfg = Release|Any CPU
		{F0C37362-8DC1-4FAF-8A6D-CA6909A721CF}.Release|Any CPU.Build.0 = Release|Any CPU
		{95249852-9A95-4643-AEFD-202B844FC1CC}.Debug|Any CPU.ActiveCfg = Debug|Any CPU
		{95249852-9A95-4643-AEFD-202B844FC1CC}.Debug|Any CPU.Build.0 = Debug|Any CPU
		{95249852-9A95-4643-AEFD-202B844FC1CC}.Release|Any CPU.ActiveCfg = Release|Any CPU
		{95249852-9A95-4643-AEFD-202B844FC1CC}.Release|Any CPU.Build.0 = Release|Any CPU
	EndGlobalSection
	GlobalSection(SolutionProperties) = preSolution
		HideSolutionNode = FALSE
	EndGlobalSection
	GlobalSection(NestedProjects) = preSolution
		{6E035742-D539-4F5B-9FDA-7E413D64E0BC} = {388810C0-5B32-48BC-94D8-F9E69B2D7FFB}
		{9A27453A-7ACA-415E-8DBB-F6FF709EB485} = {EF16AED5-8265-4AD3-9281-689F636022EA}
		{388810C0-5B32-48BC-94D8-F9E69B2D7FFB} = {EF16AED5-8265-4AD3-9281-689F636022EA}
		{0713D95A-2298-4958-B138-142679B29F8F} = {9A27453A-7ACA-415E-8DBB-F6FF709EB485}
		{CC757124-C56E-4F09-9B5E-4776EACF30DE} = {9A27453A-7ACA-415E-8DBB-F6FF709EB485}
		{F0C37362-8DC1-4FAF-8A6D-CA6909A721CF} = {665F1B29-7A2E-4181-AA06-5FA090B0F630}
		{95249852-9A95-4643-AEFD-202B844FC1CC} = {665F1B29-7A2E-4181-AA06-5FA090B0F630}
	EndGlobalSection
	GlobalSection(ExtensibilityGlobals) = postSolution
		SolutionGuid = {94DA131D-D27E-4952-88FE-E340ED7453A3}
	EndGlobalSection
EndGlobal
